
Microsoft Visual Studio Solution File, Format Version 12.00
# Visual Studio 14
VisualStudioVersion = 14.0.23107.0
MinimumVisualStudioVersion = 10.0.40219.1
Project("{FAE04EC0-301F-11D3-BF4B-00C04F79EFBC}") = "Lab1-Topicos", "Lab1-Topicos\Lab1-Topicos.csproj", "{FF1429C8-3544-4130-8874-5CB8BB86ACD4}"
EndProject
Project("{FAE04EC0-301F-11D3-BF4B-00C04F79EFBC}") = "SolucionEcuaciones.BL", "SolucionEcuaciones.BL\SolucionEcuaciones.BL.csproj", "{9EF1786B-C051-4495-B5DC-F70B1A4858AA}"
EndProject
Project("{FAE04EC0-301F-11D3-BF4B-00C04F79EFBC}") = "Figuras.DM", "Figuras.DM\Figuras.DM.csproj", "{4BEA8296-C215-400C-967F-768B6C0BBAD0}"
EndProject
Project("{FAE04EC0-301F-11D3-BF4B-00C04F79EFBC}") = "WcfEcuaciones", "WcfEcuaciones\WcfEcuaciones.csproj", "{D8A7D4C3-69EC-4CA5-8ED1-ECDB83C3F4F8}"
EndProject
Project("{FAE04EC0-301F-11D3-BF4B-00C04F79EFBC}") = "SolucionEcuaciones.TEST", "SolucionEcuaciones.TEST\SolucionEcuaciones.TEST.csproj", "{D480DAB5-86D9-47C0-A42C-CB90B264442D}"
EndProject
Global
	GlobalSection(SolutionConfigurationPlatforms) = preSolution
		Debug|Any CPU = Debug|Any CPU
		Release|Any CPU = Release|Any CPU
	EndGlobalSection
	GlobalSection(ProjectConfigurationPlatforms) = postSolution
		{FF1429C8-3544-4130-8874-5CB8BB86ACD4}.Debug|Any CPU.ActiveCfg = Debug|Any CPU
		{FF1429C8-3544-4130-8874-5CB8BB86ACD4}.Debug|Any CPU.Build.0 = Debug|Any CPU
		{FF1429C8-3544-4130-8874-5CB8BB86ACD4}.Release|Any CPU.ActiveCfg = Release|Any CPU
		{FF1429C8-3544-4130-8874-5CB8BB86ACD4}.Release|Any CPU.Build.0 = Release|Any CPU
		{9EF1786B-C051-4495-B5DC-F70B1A4858AA}.Debug|Any CPU.ActiveCfg = Debug|Any CPU
		{9EF1786B-C051-4495-B5DC-F70B1A4858AA}.Debug|Any CPU.Build.0 = Debug|Any CPU
		{9EF1786B-C051-4495-B5DC-F70B1A4858AA}.Release|Any CPU.ActiveCfg = Release|Any CPU
		{9EF1786B-C051-4495-B5DC-F70B1A4858AA}.Release|Any CPU.Build.0 = Release|Any CPU
		{4BEA8296-C215-400C-967F-768B6C0BBAD0}.Debug|Any CPU.ActiveCfg = Debug|Any CPU
		{4BEA8296-C215-400C-967F-768B6C0BBAD0}.Debug|Any CPU.Build.0 = Debug|Any CPU
		{4BEA8296-C215-400C-967F-768B6C0BBAD0}.Release|Any CPU.ActiveCfg = Release|Any CPU
		{4BEA8296-C215-400C-967F-768B6C0BBAD0}.Release|Any CPU.Build.0 = Release|Any CPU
		{D8A7D4C3-69EC-4CA5-8ED1-ECDB83C3F4F8}.Debug|Any CPU.ActiveCfg = Debug|Any CPU
		{D8A7D4C3-69EC-4CA5-8ED1-ECDB83C3F4F8}.Debug|Any CPU.Build.0 = Debug|Any CPU
		{D8A7D4C3-69EC-4CA5-8ED1-ECDB83C3F4F8}.Release|Any CPU.ActiveCfg = Release|Any CPU
		{D8A7D4C3-69EC-4CA5-8ED1-ECDB83C3F4F8}.Release|Any CPU.Build.0 = Release|Any CPU
		{D480DAB5-86D9-47C0-A42C-CB90B264442D}.Debug|Any CPU.ActiveCfg = Debug|Any CPU
		{D480DAB5-86D9-47C0-A42C-CB90B264442D}.Debug|Any CPU.Build.0 = Debug|Any CPU
		{D480DAB5-86D9-47C0-A42C-CB90B264442D}.Release|Any CPU.ActiveCfg = Release|Any CPU
		{D480DAB5-86D9-47C0-A42C-CB90B264442D}.Release|Any CPU.Build.0 = Release|Any CPU
	EndGlobalSection
	GlobalSection(SolutionProperties) = preSolution
		HideSolutionNode = FALSE
	EndGlobalSection
EndGlobal
